Microsoft Visual Studio Solution File, Format Version 11.00
# Visual Studio 2008

Project("{4BE11029-C682-C698-ABFB-721439BDF123}") = "7dfps20", "Assembly-CSharp-vs.csproj", "{E6448F4D-1778-52A8-CF5E-9BD9DFFC1F2F}"
EndProject
Project("{4BE11029-C682-C698-ABFB-721439BDF123}") = "7dfps20", "Assembly-CSharp-Editor-vs.csproj", "{1DD9BDA4-56D1-F864-4195-A711EBC32DCD}"
EndProject
Global
	GlobalSection(SolutionConfigurationPlatforms) = preSolution
		Debug|Any CPU = Debug|Any CPU
		Release|Any CPU = Release|Any CPU
	EndGlobalSection
	GlobalSection(ProjectConfigurationPlatforms) = postSolution
		{E6448F4D-1778-52A8-CF5E-9BD9DFFC1F2F}.Debug|Any CPU.ActiveCfg = Debug|Any CPU
		{E6448F4D-1778-52A8-CF5E-9BD9DFFC1F2F}.Debug|Any CPU.Build.0 = Debug|Any CPU
		{E6448F4D-1778-52A8-CF5E-9BD9DFFC1F2F}.Release|Any CPU.ActiveCfg = Release|Any CPU
		{E6448F4D-1778-52A8-CF5E-9BD9DFFC1F2F}.Release|Any CPU.Build.0 = Release|Any CPU
		{1DD9BDA4-56D1-F864-4195-A711EBC32DCD}.Debug|Any CPU.ActiveCfg = Debug|Any CPU
		{1DD9BDA4-56D1-F864-4195-A711EBC32DCD}.Debug|Any CPU.Build.0 = Debug|Any CPU
		{1DD9BDA4-56D1-F864-4195-A711EBC32DCD}.Release|Any CPU.ActiveCfg = Release|Any CPU
		{1DD9BDA4-56D1-F864-4195-A711EBC32DCD}.Release|Any CPU.Build.0 = Release|Any CPU
	EndGlobalSection
	GlobalSection(SolutionProperties) = preSolution
		HideSolutionNode = FALSE
	EndGlobalSection
		GlobalSection(MonoDevelopProperties) = preSolution
		StartupItem = Assembly-CSharp.csproj
		Policies = $0
		$0.TextStylePolicy = $1
		$1.inheritsSet = null
		$1.scope = text/x-csharp
		$0.CSharpFormattingPolicy = $2
		$2.inheritsSet = Mono
		$2.inheritsScope = text/x-csharp
		$2.scope = text/x-csharp
		$0.TextStylePolicy = $3
		$3.FileWidth = 120
		$3.TabWidth = 4
		$3.EolMarker = Unix
		$3.inheritsSet = Mono
		$3.inheritsScope = text/plain
		$3.scope = text/plain
	EndGlobalSection

EndGlobal
