Microsoft Visual Studio Solution File, Format Version 11.00
# Visual Studio 2008

Project("{3A0E6FFD-0687-478C-C22B-DAA3E7A57298}") = "7dfps14", "Assembly-CSharp-vs.csproj", "{EAE7AFD2-081F-C9D7-DC49-64235780C00A}"
EndProject
Project("{3A0E6FFD-0687-478C-C22B-DAA3E7A57298}") = "7dfps14", "Assembly-CSharp-Editor-vs.csproj", "{407C0405-4240-5B49-AC16-14C1F6E2185B}"
EndProject
Global
	GlobalSection(SolutionConfigurationPlatforms) = preSolution
		Debug|Any CPU = Debug|Any CPU
		Release|Any CPU = Release|Any CPU
	EndGlobalSection
	GlobalSection(ProjectConfigurationPlatforms) = postSolution
		{EAE7AFD2-081F-C9D7-DC49-64235780C00A}.Debug|Any CPU.ActiveCfg = Debug|Any CPU
		{EAE7AFD2-081F-C9D7-DC49-64235780C00A}.Debug|Any CPU.Build.0 = Debug|Any CPU
		{EAE7AFD2-081F-C9D7-DC49-64235780C00A}.Release|Any CPU.ActiveCfg = Release|Any CPU
		{EAE7AFD2-081F-C9D7-DC49-64235780C00A}.Release|Any CPU.Build.0 = Release|Any CPU
		{407C0405-4240-5B49-AC16-14C1F6E2185B}.Debug|Any CPU.ActiveCfg = Debug|Any CPU
		{407C0405-4240-5B49-AC16-14C1F6E2185B}.Debug|Any CPU.Build.0 = Debug|Any CPU
		{407C0405-4240-5B49-AC16-14C1F6E2185B}.Release|Any CPU.ActiveCfg = Release|Any CPU
		{407C0405-4240-5B49-AC16-14C1F6E2185B}.Release|Any CPU.Build.0 = Release|Any CPU
	EndGlobalSection
	GlobalSection(SolutionProperties) = preSolution
		HideSolutionNode = FALSE
	EndGlobalSection
			GlobalSection(MonoDevelopProperties) = preSolution
		StartupItem = Assembly-CSharp.csproj
		Policies = $0
		$0.TextStylePolicy = $1
		$1.inheritsSet = null
		$1.scope = text/x-csharp
		$0.CSharpFormattingPolicy = $2
		$2.inheritsSet = Mono
		$2.inheritsScope = text/x-csharp
		$2.scope = text/x-csharp
		$0.TextStylePolicy = $3
		$3.FileWidth = 120
		$3.TabWidth = 4
		$3.EolMarker = Unix
		$3.inheritsSet = Mono
		$3.inheritsScope = text/plain
		$3.scope = text/plain
	EndGlobalSection

EndGlobal
