Microsoft Visual Studio Solution File, Format Version 11.00
# Visual Studio 2008

Project("{A8826A30-870A-4DD0-27A6-C131DDE672FD}") = "7dfps03", "Assembly-CSharp.csproj", "{7BCF7341-5E04-09BE-4B76-190F72357E12}"
EndProject
Project("{A8826A30-870A-4DD0-27A6-C131DDE672FD}") = "7dfps03", "Assembly-CSharp-Editor.csproj", "{D1761D11-34D9-A9D3-0577-A890E9F5928B}"
EndProject
Global
	GlobalSection(SolutionConfigurationPlatforms) = preSolution
		Debug|Any CPU = Debug|Any CPU
		Release|Any CPU = Release|Any CPU
	EndGlobalSection
	GlobalSection(ProjectConfigurationPlatforms) = postSolution
		{7BCF7341-5E04-09BE-4B76-190F72357E12}.Debug|Any CPU.ActiveCfg = Debug|Any CPU
		{7BCF7341-5E04-09BE-4B76-190F72357E12}.Debug|Any CPU.Build.0 = Debug|Any CPU
		{7BCF7341-5E04-09BE-4B76-190F72357E12}.Release|Any CPU.ActiveCfg = Release|Any CPU
		{7BCF7341-5E04-09BE-4B76-190F72357E12}.Release|Any CPU.Build.0 = Release|Any CPU
		{D1761D11-34D9-A9D3-0577-A890E9F5928B}.Debug|Any CPU.ActiveCfg = Debug|Any CPU
		{D1761D11-34D9-A9D3-0577-A890E9F5928B}.Debug|Any CPU.Build.0 = Debug|Any CPU
		{D1761D11-34D9-A9D3-0577-A890E9F5928B}.Release|Any CPU.ActiveCfg = Release|Any CPU
		{D1761D11-34D9-A9D3-0577-A890E9F5928B}.Release|Any CPU.Build.0 = Release|Any CPU
	EndGlobalSection
	GlobalSection(SolutionProperties) = preSolution
		HideSolutionNode = FALSE
	EndGlobalSection
	GlobalSection(MonoDevelopProperties) = preSolution
		StartupItem = Assembly-CSharp.csproj
		Policies = $0
		$0.TextStylePolicy = $1
		$1.inheritsSet = null
		$1.scope = text/x-csharp
		$0.CSharpFormattingPolicy = $2
		$2.inheritsSet = Mono
		$2.inheritsScope = text/x-csharp
		$2.scope = text/x-csharp
		$0.TextStylePolicy = $3
		$3.FileWidth = 120
		$3.TabWidth = 4
		$3.EolMarker = Unix
		$3.inheritsSet = Mono
		$3.inheritsScope = text/plain
		$3.scope = text/plain
	EndGlobalSection
EndGlobal
