Microsoft Visual Studio Solution File, Format Version 11.00
# Visual Studio 2008

Project("{439913B0-49EE-801F-FD40-276FF2A0A646}") = "7dfps02", "Assembly-CSharp-vs.csproj", "{AD93D162-05B3-C85B-2731-44A2342EADB7}"
EndProject
Project("{439913B0-49EE-801F-FD40-276FF2A0A646}") = "7dfps02", "Assembly-CSharp-Editor-vs.csproj", "{8E7554BA-977B-CBBD-4F78-A31772730F30}"
EndProject
Global
	GlobalSection(SolutionConfigurationPlatforms) = preSolution
		Debug|Any CPU = Debug|Any CPU
		Release|Any CPU = Release|Any CPU
	EndGlobalSection
	GlobalSection(ProjectConfigurationPlatforms) = postSolution
		{AD93D162-05B3-C85B-2731-44A2342EADB7}.Debug|Any CPU.ActiveCfg = Debug|Any CPU
		{AD93D162-05B3-C85B-2731-44A2342EADB7}.Debug|Any CPU.Build.0 = Debug|Any CPU
		{AD93D162-05B3-C85B-2731-44A2342EADB7}.Release|Any CPU.ActiveCfg = Release|Any CPU
		{AD93D162-05B3-C85B-2731-44A2342EADB7}.Release|Any CPU.Build.0 = Release|Any CPU
		{8E7554BA-977B-CBBD-4F78-A31772730F30}.Debug|Any CPU.ActiveCfg = Debug|Any CPU
		{8E7554BA-977B-CBBD-4F78-A31772730F30}.Debug|Any CPU.Build.0 = Debug|Any CPU
		{8E7554BA-977B-CBBD-4F78-A31772730F30}.Release|Any CPU.ActiveCfg = Release|Any CPU
		{8E7554BA-977B-CBBD-4F78-A31772730F30}.Release|Any CPU.Build.0 = Release|Any CPU
	EndGlobalSection
	GlobalSection(SolutionProperties) = preSolution
		HideSolutionNode = FALSE
	EndGlobalSection
										GlobalSection(MonoDevelopProperties) = preSolution
		StartupItem = Assembly-CSharp.csproj
		Policies = $0
		$0.TextStylePolicy = $1
		$1.inheritsSet = null
		$1.scope = text/x-csharp
		$0.CSharpFormattingPolicy = $2
		$2.inheritsSet = Mono
		$2.inheritsScope = text/x-csharp
		$2.scope = text/x-csharp
		$0.TextStylePolicy = $3
		$3.FileWidth = 120
		$3.TabWidth = 4
		$3.EolMarker = Unix
		$3.inheritsSet = Mono
		$3.inheritsScope = text/plain
		$3.scope = text/plain
	EndGlobalSection

EndGlobal
