Microsoft Visual Studio Solution File, Format Version 11.00
# Visual Studio 2008

Project("{F38A393F-AD33-4C77-7B31-8EBDE9EFDDA8}") = "7dfps27", "Assembly-CSharp.csproj", "{9E222D49-B52F-5A70-85D2-8C022C89C434}"
EndProject
Project("{F38A393F-AD33-4C77-7B31-8EBDE9EFDDA8}") = "7dfps27", "Assembly-CSharp-Editor.csproj", "{0E607262-0820-A4CA-E451-F21C5D40BA25}"
EndProject
Global
	GlobalSection(SolutionConfigurationPlatforms) = preSolution
		Debug|Any CPU = Debug|Any CPU
		Release|Any CPU = Release|Any CPU
	EndGlobalSection
	GlobalSection(ProjectConfigurationPlatforms) = postSolution
		{9E222D49-B52F-5A70-85D2-8C022C89C434}.Debug|Any CPU.ActiveCfg = Debug|Any CPU
		{9E222D49-B52F-5A70-85D2-8C022C89C434}.Debug|Any CPU.Build.0 = Debug|Any CPU
		{9E222D49-B52F-5A70-85D2-8C022C89C434}.Release|Any CPU.ActiveCfg = Release|Any CPU
		{9E222D49-B52F-5A70-85D2-8C022C89C434}.Release|Any CPU.Build.0 = Release|Any CPU
		{0E607262-0820-A4CA-E451-F21C5D40BA25}.Debug|Any CPU.ActiveCfg = Debug|Any CPU
		{0E607262-0820-A4CA-E451-F21C5D40BA25}.Debug|Any CPU.Build.0 = Debug|Any CPU
		{0E607262-0820-A4CA-E451-F21C5D40BA25}.Release|Any CPU.ActiveCfg = Release|Any CPU
		{0E607262-0820-A4CA-E451-F21C5D40BA25}.Release|Any CPU.Build.0 = Release|Any CPU
	EndGlobalSection
	GlobalSection(SolutionProperties) = preSolution
		HideSolutionNode = FALSE
	EndGlobalSection
			GlobalSection(MonoDevelopProperties) = preSolution
		StartupItem = Assembly-CSharp.csproj
		Policies = $0
		$0.TextStylePolicy = $1
		$1.inheritsSet = null
		$1.scope = text/x-csharp
		$0.CSharpFormattingPolicy = $2
		$2.inheritsSet = Mono
		$2.inheritsScope = text/x-csharp
		$2.scope = text/x-csharp
		$0.TextStylePolicy = $3
		$3.FileWidth = 120
		$3.TabWidth = 4
		$3.EolMarker = Unix
		$3.inheritsSet = Mono
		$3.inheritsScope = text/plain
		$3.scope = text/plain
	EndGlobalSection

EndGlobal
