Microsoft Visual Studio Solution File, Format Version 11.00
# Visual Studio 2008

Project("{25F2A681-67C4-FBF9-A135-28AC329B929B}") = "7dfps24", "Assembly-CSharp-vs.csproj", "{7F5F7C6F-512B-ACCF-325E-F1938161BE47}"
EndProject
Project("{25F2A681-67C4-FBF9-A135-28AC329B929B}") = "7dfps24", "Assembly-CSharp-Editor-vs.csproj", "{D3C2D42D-D987-EC36-38AF-1094E64C1930}"
EndProject
Global
	GlobalSection(SolutionConfigurationPlatforms) = preSolution
		Debug|Any CPU = Debug|Any CPU
		Release|Any CPU = Release|Any CPU
	EndGlobalSection
	GlobalSection(ProjectConfigurationPlatforms) = postSolution
		{7F5F7C6F-512B-ACCF-325E-F1938161BE47}.Debug|Any CPU.ActiveCfg = Debug|Any CPU
		{7F5F7C6F-512B-ACCF-325E-F1938161BE47}.Debug|Any CPU.Build.0 = Debug|Any CPU
		{7F5F7C6F-512B-ACCF-325E-F1938161BE47}.Release|Any CPU.ActiveCfg = Release|Any CPU
		{7F5F7C6F-512B-ACCF-325E-F1938161BE47}.Release|Any CPU.Build.0 = Release|Any CPU
		{D3C2D42D-D987-EC36-38AF-1094E64C1930}.Debug|Any CPU.ActiveCfg = Debug|Any CPU
		{D3C2D42D-D987-EC36-38AF-1094E64C1930}.Debug|Any CPU.Build.0 = Debug|Any CPU
		{D3C2D42D-D987-EC36-38AF-1094E64C1930}.Release|Any CPU.ActiveCfg = Release|Any CPU
		{D3C2D42D-D987-EC36-38AF-1094E64C1930}.Release|Any CPU.Build.0 = Release|Any CPU
	EndGlobalSection
	GlobalSection(SolutionProperties) = preSolution
		HideSolutionNode = FALSE
	EndGlobalSection
									GlobalSection(MonoDevelopProperties) = preSolution
		StartupItem = Assembly-CSharp.csproj
		Policies = $0
		$0.TextStylePolicy = $1
		$1.inheritsSet = null
		$1.scope = text/x-csharp
		$0.CSharpFormattingPolicy = $2
		$2.inheritsSet = Mono
		$2.inheritsScope = text/x-csharp
		$2.scope = text/x-csharp
		$0.TextStylePolicy = $3
		$3.FileWidth = 120
		$3.TabWidth = 4
		$3.EolMarker = Unix
		$3.inheritsSet = Mono
		$3.inheritsScope = text/plain
		$3.scope = text/plain
	EndGlobalSection

EndGlobal
