Microsoft Visual Studio Solution File, Format Version 11.00
# Visual Studio 2008

Project("{880CABB8-B8F0-62DF-4755-26170D9E9687}") = "7dfps06", "Assembly-CSharp.csproj", "{3E0E5DC2-3551-7666-8B96-7D486391D732}"
EndProject
Project("{880CABB8-B8F0-62DF-4755-26170D9E9687}") = "7dfps06", "Assembly-CSharp-Editor.csproj", "{99AA87EC-99C2-5639-0EC0-A9823316F225}"
EndProject
Global
	GlobalSection(SolutionConfigurationPlatforms) = preSolution
		Debug|Any CPU = Debug|Any CPU
		Release|Any CPU = Release|Any CPU
	EndGlobalSection
	GlobalSection(ProjectConfigurationPlatforms) = postSolution
		{3E0E5DC2-3551-7666-8B96-7D486391D732}.Debug|Any CPU.ActiveCfg = Debug|Any CPU
		{3E0E5DC2-3551-7666-8B96-7D486391D732}.Debug|Any CPU.Build.0 = Debug|Any CPU
		{3E0E5DC2-3551-7666-8B96-7D486391D732}.Release|Any CPU.ActiveCfg = Release|Any CPU
		{3E0E5DC2-3551-7666-8B96-7D486391D732}.Release|Any CPU.Build.0 = Release|Any CPU
		{99AA87EC-99C2-5639-0EC0-A9823316F225}.Debug|Any CPU.ActiveCfg = Debug|Any CPU
		{99AA87EC-99C2-5639-0EC0-A9823316F225}.Debug|Any CPU.Build.0 = Debug|Any CPU
		{99AA87EC-99C2-5639-0EC0-A9823316F225}.Release|Any CPU.ActiveCfg = Release|Any CPU
		{99AA87EC-99C2-5639-0EC0-A9823316F225}.Release|Any CPU.Build.0 = Release|Any CPU
	EndGlobalSection
	GlobalSection(SolutionProperties) = preSolution
		HideSolutionNode = FALSE
	EndGlobalSection
		GlobalSection(MonoDevelopProperties) = preSolution
		StartupItem = Assembly-CSharp.csproj
		Policies = $0
		$0.TextStylePolicy = $1
		$1.inheritsSet = null
		$1.scope = text/x-csharp
		$0.CSharpFormattingPolicy = $2
		$2.inheritsSet = Mono
		$2.inheritsScope = text/x-csharp
		$2.scope = text/x-csharp
		$0.TextStylePolicy = $3
		$3.FileWidth = 120
		$3.TabWidth = 4
		$3.EolMarker = Unix
		$3.inheritsSet = Mono
		$3.inheritsScope = text/plain
		$3.scope = text/plain
	EndGlobalSection

EndGlobal
