Microsoft Visual Studio Solution File, Format Version 11.00
# Visual Studio 2008

Project("{F2149573-5E44-F2BC-7BD0-A2F0FCA0BC81}") = "7dfps08", "Assembly-CSharp-vs.csproj", "{5642E6EF-4B00-E087-929D-56AEA6EF1344}"
EndProject
Project("{F2149573-5E44-F2BC-7BD0-A2F0FCA0BC81}") = "7dfps08", "Assembly-CSharp-Editor-vs.csproj", "{B15304D1-0D51-FDF4-644D-2D472EE32BF2}"
EndProject
Global
	GlobalSection(SolutionConfigurationPlatforms) = preSolution
		Debug|Any CPU = Debug|Any CPU
		Release|Any CPU = Release|Any CPU
	EndGlobalSection
	GlobalSection(ProjectConfigurationPlatforms) = postSolution
		{5642E6EF-4B00-E087-929D-56AEA6EF1344}.Debug|Any CPU.ActiveCfg = Debug|Any CPU
		{5642E6EF-4B00-E087-929D-56AEA6EF1344}.Debug|Any CPU.Build.0 = Debug|Any CPU
		{5642E6EF-4B00-E087-929D-56AEA6EF1344}.Release|Any CPU.ActiveCfg = Release|Any CPU
		{5642E6EF-4B00-E087-929D-56AEA6EF1344}.Release|Any CPU.Build.0 = Release|Any CPU
		{B15304D1-0D51-FDF4-644D-2D472EE32BF2}.Debug|Any CPU.ActiveCfg = Debug|Any CPU
		{B15304D1-0D51-FDF4-644D-2D472EE32BF2}.Debug|Any CPU.Build.0 = Debug|Any CPU
		{B15304D1-0D51-FDF4-644D-2D472EE32BF2}.Release|Any CPU.ActiveCfg = Release|Any CPU
		{B15304D1-0D51-FDF4-644D-2D472EE32BF2}.Release|Any CPU.Build.0 = Release|Any CPU
	EndGlobalSection
	GlobalSection(SolutionProperties) = preSolution
		HideSolutionNode = FALSE
	EndGlobalSection
		GlobalSection(MonoDevelopProperties) = preSolution
		StartupItem = Assembly-CSharp.csproj
		Policies = $0
		$0.TextStylePolicy = $1
		$1.inheritsSet = null
		$1.scope = text/x-csharp
		$0.CSharpFormattingPolicy = $2
		$2.inheritsSet = Mono
		$2.inheritsScope = text/x-csharp
		$2.scope = text/x-csharp
		$0.TextStylePolicy = $3
		$3.FileWidth = 120
		$3.TabWidth = 4
		$3.EolMarker = Unix
		$3.inheritsSet = Mono
		$3.inheritsScope = text/plain
		$3.scope = text/plain
	EndGlobalSection

EndGlobal
